// !$*UTF8*$!
{
	archiveVersion = 1;
	classes = {
	};
	objectVersion = 46;
	objects = {

/* Begin PBXBuildFile section */
		20B218E991FBAFFB4BFF4F6C /* Pods_Thba7.framework in Frameworks */ = {isa = PBXBuildFile; fileRef = DA965AA56C265CF9805CE16E /* Pods_Thba7.framework */; };
		FC12C4881F48EB9C007958BE /* FinalOrderCollectionViewCell.swift in Sources */ = {isa = PBXBuildFile; fileRef = FC12C4861F48EB9C007958BE /* FinalOrderCollectionViewCell.swift */; };
		FC12C4891F48EB9C007958BE /* FinalOrderCollectionViewCell.xib in Resources */ = {isa = PBXBuildFile; fileRef = FC12C4871F48EB9C007958BE /* FinalOrderCollectionViewCell.xib */; };
		FC169A1A1F3764E900756314 /* OrderPageVCCell.swift in Sources */ = {isa = PBXBuildFile; fileRef = FC169A191F3764E900756314 /* OrderPageVCCell.swift */; };
		FC3C3CA91F422E52002D542C /* SnedVerifyingRequestViewController.swift in Sources */ = {isa = PBXBuildFile; fileRef = FC3C3CA71F422E52002D542C /* SnedVerifyingRequestViewController.swift */; };
		FC3C3CAA1F422E52002D542C /* VerifySMSCodeViewController.swift in Sources */ = {isa = PBXBuildFile; fileRef = FC3C3CA81F422E52002D542C /* VerifySMSCodeViewController.swift */; };
		FC3EE1911F55AD04006651A4 /* NoOrderItemsOnTheCart.swift in Sources */ = {isa = PBXBuildFile; fileRef = FC3EE1901F55AD04006651A4 /* NoOrderItemsOnTheCart.swift */; };
		FC3EE1931F55ADE3006651A4 /* CartOrdersItemsTableViewController.swift in Sources */ = {isa = PBXBuildFile; fileRef = FC3EE1921F55ADE3006651A4 /* CartOrdersItemsTableViewController.swift */; };
		FC3EE1951F55BC94006651A4 /* HandelBadgeIndecatorTabBar.swift in Sources */ = {isa = PBXBuildFile; fileRef = FC3EE1941F55BC94006651A4 /* HandelBadgeIndecatorTabBar.swift */; };
		FC3EE1981F55C59F006651A4 /* CartOrdersItemsCell.swift in Sources */ = {isa = PBXBuildFile; fileRef = FC3EE1961F55C59F006651A4 /* CartOrdersItemsCell.swift */; };
		FC470F151F4F7E9900A33FFF /* GoogleService-Info.plist in Resources */ = {isa = PBXBuildFile; fileRef = FC470F141F4F7E9900A33FFF /* GoogleService-Info.plist */; };
		FC5CA1C81F534EBC003C42DC /* OrderItems.swift in Sources */ = {isa = PBXBuildFile; fileRef = FC5CA1C71F534EBC003C42DC /* OrderItems.swift */; };
		FC5CA1CA1F535337003C42DC /* DataStore.swift in Sources */ = {isa = PBXBuildFile; fileRef = FC5CA1C91F535337003C42DC /* DataStore.swift */; };
		FC5E9EEC1F38DEFA0049F810 /* Order.swift in Sources */ = {isa = PBXBuildFile; fileRef = FC5E9EEB1F38DEFA0049F810 /* Order.swift */; };
		FC682F4E1F2F9E0F007D5955 /* Extensions.swift in Sources */ = {isa = PBXBuildFile; fileRef = FC682F4D1F2F9E0F007D5955 /* Extensions.swift */; };
		FC73F6DE1F33464900008767 /* MapVC.swift in Sources */ = {isa = PBXBuildFile; fileRef = FC73F6DD1F33464900008767 /* MapVC.swift */; };
		FC7A55651F2F59140039355B /* HomeViewContoller.swift in Sources */ = {isa = PBXBuildFile; fileRef = FC7A55641F2F59140039355B /* HomeViewContoller.swift */; };
		FC7A55681F2F5A4E0039355B /* HomeCollectionViewCell.swift in Sources */ = {isa = PBXBuildFile; fileRef = FC7A55661F2F5A4D0039355B /* HomeCollectionViewCell.swift */; };
		FC7A55691F2F5A4E0039355B /* HomeCollectionViewCell.xib in Resources */ = {isa = PBXBuildFile; fileRef = FC7A55671F2F5A4E0039355B /* HomeCollectionViewCell.xib */; };
		FC7B4F041F2E504700970CFE /* AppDelegate.swift in Sources */ = {isa = PBXBuildFile; fileRef = FC7B4F031F2E504700970CFE /* AppDelegate.swift */; };
		FC7B4F091F2E504700970CFE /* Main.storyboard in Resources */ = {isa = PBXBuildFile; fileRef = FC7B4F071F2E504700970CFE /* Main.storyboard */; };
		FC7B4F0B1F2E504700970CFE /* Assets.xcassets in Resources */ = {isa = PBXBuildFile; fileRef = FC7B4F0A1F2E504700970CFE /* Assets.xcassets */; };
		FC7B4F0E1F2E504700970CFE /* LaunchScreen.storyboard in Resources */ = {isa = PBXBuildFile; fileRef = FC7B4F0C1F2E504700970CFE /* LaunchScreen.storyboard */; };
		FC99DC101F3B78E80013A4B7 /* PickedPlacesVC.swift in Sources */ = {isa = PBXBuildFile; fileRef = FC99DC0F1F3B78E80013A4B7 /* PickedPlacesVC.swift */; };
		FC9A5BC11F478A6C00D03BA2 /* UserInfoTableViewController.swift in Sources */ = {isa = PBXBuildFile; fileRef = FC9A5BC01F478A6C00D03BA2 /* UserInfoTableViewController.swift */; };
		FC9AC5A31F354C470001D464 /* NoInternetConnectVC.swift in Sources */ = {isa = PBXBuildFile; fileRef = FC9AC5A21F354C470001D464 /* NoInternetConnectVC.swift */; };
		FCA7C5C01F39179E00B75915 /* CustomMarker.swift in Sources */ = {isa = PBXBuildFile; fileRef = FCA7C5BF1F39179E00B75915 /* CustomMarker.swift */; };
		FCC456741F3232C200C24D79 /* OrderPageViewController.swift in Sources */ = {isa = PBXBuildFile; fileRef = FCC456731F3232C200C24D79 /* OrderPageViewController.swift */; };
		FCEDDC0A1F38A17F00571E82 /* UserInfoPageVC.swift in Sources */ = {isa = PBXBuildFile; fileRef = FCEDDC091F38A17F00571E82 /* UserInfoPageVC.swift */; };
/* End PBXBuildFile section */

/* Begin PBXFileReference section */
		32119CFA4E74804B71EF7094 /* Pods-Thba7.release.xcconfig */ = {isa = PBXFileReference; includeInIndex = 1; lastKnownFileType = text.xcconfig; name = "Pods-Thba7.release.xcconfig"; path = "Pods/Target Support Files/Pods-Thba7/Pods-Thba7.release.xcconfig"; sourceTree = "<group>"; };
		7DCABE7E95F210EDD3450D63 /* Pods-Thba7.debug.xcconfig */ = {isa = PBXFileReference; includeInIndex = 1; lastKnownFileType = text.xcconfig; name = "Pods-Thba7.debug.xcconfig"; path = "Pods/Target Support Files/Pods-Thba7/Pods-Thba7.debug.xcconfig"; sourceTree = "<group>"; };
		DA965AA56C265CF9805CE16E /* Pods_Thba7.framework */ = {isa = PBXFileReference; explicitFileType = wrapper.framework; includeInIndex = 0; path = Pods_Thba7.framework; sourceTree = BUILT_PRODUCTS_DIR; };
		FC12C4861F48EB9C007958BE /* FinalOrderCollectionViewCell.swift */ = {isa = PBXFileReference; fileEncoding = 4; lastKnownFileType = sourcecode.swift; path = FinalOrderCollectionViewCell.swift; sourceTree = "<group>"; };
		FC12C4871F48EB9C007958BE /* FinalOrderCollectionViewCell.xib */ = {isa = PBXFileReference; fileEncoding = 4; lastKnownFileType = file.xib; path = FinalOrderCollectionViewCell.xib; sourceTree = "<group>"; };
		FC169A191F3764E900756314 /* OrderPageVCCell.swift */ = {isa = PBXFileReference; fileEncoding = 4; lastKnownFileType = sourcecode.swift; path = OrderPageVCCell.swift; sourceTree = "<group>"; };
		FC3C3CA71F422E52002D542C /* SnedVerifyingRequestViewController.swift */ = {isa = PBXFileReference; fileEncoding = 4; lastKnownFileType = sourcecode.swift; path = SnedVerifyingRequestViewController.swift; sourceTree = "<group>"; };
		FC3C3CA81F422E52002D542C /* VerifySMSCodeViewController.swift */ = {isa = PBXFileReference; fileEncoding = 4; lastKnownFileType = sourcecode.swift; path = VerifySMSCodeViewController.swift; sourceTree = "<group>"; };
		FC3EE1901F55AD04006651A4 /* NoOrderItemsOnTheCart.swift */ = {isa = PBXFileReference; fileEncoding = 4; lastKnownFileType = sourcecode.swift; path = NoOrderItemsOnTheCart.swift; sourceTree = "<group>"; };
		FC3EE1921F55ADE3006651A4 /* CartOrdersItemsTableViewController.swift */ = {isa = PBXFileReference; fileEncoding = 4; lastKnownFileType = sourcecode.swift; path = CartOrdersItemsTableViewController.swift; sourceTree = "<group>"; };
		FC3EE1941F55BC94006651A4 /* HandelBadgeIndecatorTabBar.swift */ = {isa = PBXFileReference; fileEncoding = 4; lastKnownFileType = sourcecode.swift; path = HandelBadgeIndecatorTabBar.swift; sourceTree = "<group>"; };
		FC3EE1961F55C59F006651A4 /* CartOrdersItemsCell.swift */ = {isa = PBXFileReference; fileEncoding = 4; lastKnownFileType = sourcecode.swift; path = CartOrdersItemsCell.swift; sourceTree = "<group>"; };
		FC470F141F4F7E9900A33FFF /* GoogleService-Info.plist */ = {isa = PBXFileReference; fileEncoding = 4; lastKnownFileType = text.plist.xml; path = "GoogleService-Info.plist"; sourceTree = "<group>"; };
		FC5CA1C71F534EBC003C42DC /* OrderItems.swift */ = {isa = PBXFileReference; fileEncoding = 4; lastKnownFileType = sourcecode.swift; path = OrderItems.swift; sourceTree = "<group>"; };
		FC5CA1C91F535337003C42DC /* DataStore.swift */ = {isa = PBXFileReference; fileEncoding = 4; lastKnownFileType = sourcecode.swift; path = DataStore.swift; sourceTree = "<group>"; };
		FC5E9EEB1F38DEFA0049F810 /* Order.swift */ = {isa = PBXFileReference; fileEncoding = 4; lastKnownFileType = sourcecode.swift; path = Order.swift; sourceTree = "<group>"; };
		FC682F4D1F2F9E0F007D5955 /* Extensions.swift */ = {isa = PBXFileReference; fileEncoding = 4; lastKnownFileType = sourcecode.swift; path = Extensions.swift; sourceTree = "<group>"; };
		FC73F6DD1F33464900008767 /* MapVC.swift */ = {isa = PBXFileReference; fileEncoding = 4; lastKnownFileType = sourcecode.swift; path = MapVC.swift; sourceTree = "<group>"; };
		FC7A55641F2F59140039355B /* HomeViewContoller.swift */ = {isa = PBXFileReference; fileEncoding = 4; lastKnownFileType = sourcecode.swift; path = HomeViewContoller.swift; sourceTree = "<group>"; };
		FC7A55661F2F5A4D0039355B /* HomeCollectionViewCell.swift */ = {isa = PBXFileReference; fileEncoding = 4; lastKnownFileType = sourcecode.swift; path = HomeCollectionViewCell.swift; sourceTree = "<group>"; };
		FC7A55671F2F5A4E0039355B /* HomeCollectionViewCell.xib */ = {isa = PBXFileReference; fileEncoding = 4; lastKnownFileType = file.xib; path = HomeCollectionViewCell.xib; sourceTree = "<group>"; };
		FC7B4F001F2E504700970CFE /* Thba7.app */ = {isa = PBXFileReference; explicitFileType = wrapper.application; includeInIndex = 0; path = Thba7.app; sourceTree = BUILT_PRODUCTS_DIR; };
		FC7B4F031F2E504700970CFE /* AppDelegate.swift */ = {isa = PBXFileReference; lastKnownFileType = sourcecode.swift; path = AppDelegate.swift; sourceTree = "<group>"; };
		FC7B4F081F2E504700970CFE /* Base */ = {isa = PBXFileReference; lastKnownFileType = file.storyboard; name = Base; path = Base.lproj/Main.storyboard; sourceTree = "<group>"; };
		FC7B4F0A1F2E504700970CFE /* Assets.xcassets */ = {isa = PBXFileReference; lastKnownFileType = folder.assetcatalog; path = Assets.xcassets; sourceTree = "<group>"; };
		FC7B4F0D1F2E504700970CFE /* Base */ = {isa = PBXFileReference; lastKnownFileType = file.storyboard; name = Base; path = Base.lproj/LaunchScreen.storyboard; sourceTree = "<group>"; };
		FC7B4F0F1F2E504700970CFE /* Info.plist */ = {isa = PBXFileReference; lastKnownFileType = text.plist.xml; path = Info.plist; sourceTree = "<group>"; };
		FC99DC0F1F3B78E80013A4B7 /* PickedPlacesVC.swift */ = {isa = PBXFileReference; fileEncoding = 4; lastKnownFileType = sourcecode.swift; path = PickedPlacesVC.swift; sourceTree = "<group>"; };
		FC9A5BC01F478A6C00D03BA2 /* UserInfoTableViewController.swift */ = {isa = PBXFileReference; fileEncoding = 4; lastKnownFileType = sourcecode.swift; path = UserInfoTableViewController.swift; sourceTree = "<group>"; };
		FC9AC5A21F354C470001D464 /* NoInternetConnectVC.swift */ = {isa = PBXFileReference; fileEncoding = 4; lastKnownFileType = sourcecode.swift; path = NoInternetConnectVC.swift; sourceTree = "<group>"; };
		FCA7C5BF1F39179E00B75915 /* CustomMarker.swift */ = {isa = PBXFileReference; fileEncoding = 4; lastKnownFileType = sourcecode.swift; path = CustomMarker.swift; sourceTree = "<group>"; };
		FCC456731F3232C200C24D79 /* OrderPageViewController.swift */ = {isa = PBXFileReference; fileEncoding = 4; lastKnownFileType = sourcecode.swift; path = OrderPageViewController.swift; sourceTree = "<group>"; };
		FCEDDC091F38A17F00571E82 /* UserInfoPageVC.swift */ = {isa = PBXFileReference; fileEncoding = 4; lastKnownFileType = sourcecode.swift; path = UserInfoPageVC.swift; sourceTree = "<group>"; };
/* End PBXFileReference section */

/* Begin PBXFrameworksBuildPhase section */
		FC7B4EFD1F2E504700970CFE /* Frameworks */ = {
			isa = PBXFrameworksBuildPhase;
			buildActionMask = 2147483647;
			files = (
				20B218E991FBAFFB4BFF4F6C /* Pods_Thba7.framework in Frameworks */,
			);
			runOnlyForDeploymentPostprocessing = 0;
		};
/* End PBXFrameworksBuildPhase section */

/* Begin PBXGroup section */
		999B496BE1CE2D561D767852 /* Frameworks */ = {
			isa = PBXGroup;
			children = (
				DA965AA56C265CF9805CE16E /* Pods_Thba7.framework */,
			);
			name = Frameworks;
			sourceTree = "<group>";
		};
		E852D2F8ABCB0DC4A5366DC6 /* Pods */ = {
			isa = PBXGroup;
			children = (
				7DCABE7E95F210EDD3450D63 /* Pods-Thba7.debug.xcconfig */,
				32119CFA4E74804B71EF7094 /* Pods-Thba7.release.xcconfig */,
			);
			name = Pods;
			sourceTree = "<group>";
		};
		FC3C3CA61F422E3E002D542C /* Service */ = {
			isa = PBXGroup;
			children = (
				FC3C3CA71F422E52002D542C /* SnedVerifyingRequestViewController.swift */,
				FC3C3CA81F422E52002D542C /* VerifySMSCodeViewController.swift */,
			);
			name = Service;
			sourceTree = "<group>";
		};
		FC3EE18D1F559AFB006651A4 /* ViewContrller - Cell's */ = {
			isa = PBXGroup;
			children = (
				FC7A55661F2F5A4D0039355B /* HomeCollectionViewCell.swift */,
				FC169A191F3764E900756314 /* OrderPageVCCell.swift */,
				FC12C4861F48EB9C007958BE /* FinalOrderCollectionViewCell.swift */,
				FC3EE1961F55C59F006651A4 /* CartOrdersItemsCell.swift */,
			);
			name = "ViewContrller - Cell's";
			sourceTree = "<group>";
		};
		FC5E9EEA1F38DED80049F810 /* Models */ = {
			isa = PBXGroup;
			children = (
				FC5E9EEB1F38DEFA0049F810 /* Order.swift */,
				FC5CA1C91F535337003C42DC /* DataStore.swift */,
				FC5CA1C71F534EBC003C42DC /* OrderItems.swift */,
			);
			name = Models;
			sourceTree = "<group>";
		};
		FC7A55631F2F58E40039355B /* Controllers */ = {
			isa = PBXGroup;
			children = (
				FC7A55641F2F59140039355B /* HomeViewContoller.swift */,
				FCC456731F3232C200C24D79 /* OrderPageViewController.swift */,
				FCEDDC091F38A17F00571E82 /* UserInfoPageVC.swift */,
				FC9A5BC01F478A6C00D03BA2 /* UserInfoTableViewController.swift */,
				FC3EE1921F55ADE3006651A4 /* CartOrdersItemsTableViewController.swift */,
				FC3EE18D1F559AFB006651A4 /* ViewContrller - Cell's */,
				FCEEB8481F4A441100686C8B /* Map VC */,
			);
			name = Controllers;
			sourceTree = "<group>";
		};
		FC7B4EF71F2E504700970CFE = {
			isa = PBXGroup;
			children = (
				FC7B4F021F2E504700970CFE /* Thba7 */,
				FC7B4F011F2E504700970CFE /* Products */,
				E852D2F8ABCB0DC4A5366DC6 /* Pods */,
				999B496BE1CE2D561D767852 /* Frameworks */,
			);
			sourceTree = "<group>";
		};
		FC7B4F011F2E504700970CFE /* Products */ = {
			isa = PBXGroup;
			children = (
				FC7B4F001F2E504700970CFE /* Thba7.app */,
			);
			name = Products;
			sourceTree = "<group>";
		};
		FC7B4F021F2E504700970CFE /* Thba7 */ = {
			isa = PBXGroup;
			children = (
				FC7B4F031F2E504700970CFE /* AppDelegate.swift */,
				FC9AC5A41F35513A0001D464 /* Helpper */,
				FC3C3CA61F422E3E002D542C /* Service */,
				FC5E9EEA1F38DED80049F810 /* Models */,
				FC7A55631F2F58E40039355B /* Controllers */,
				FC9AC5A51F3551530001D464 /* Views */,
				FC7B4F0A1F2E504700970CFE /* Assets.xcassets */,
				FC7B4F0C1F2E504700970CFE /* LaunchScreen.storyboard */,
				FC7B4F0F1F2E504700970CFE /* Info.plist */,
				FC470F141F4F7E9900A33FFF /* GoogleService-Info.plist */,
			);
			path = Thba7;
			sourceTree = "<group>";
		};
		FC9AC5A41F35513A0001D464 /* Helpper */ = {
			isa = PBXGroup;
			children = (
				FC682F4D1F2F9E0F007D5955 /* Extensions.swift */,
				FC9AC5A21F354C470001D464 /* NoInternetConnectVC.swift */,
				FC3EE1901F55AD04006651A4 /* NoOrderItemsOnTheCart.swift */,
				FCA7C5BF1F39179E00B75915 /* CustomMarker.swift */,
				FC3EE1941F55BC94006651A4 /* HandelBadgeIndecatorTabBar.swift */,
			);
			name = Helpper;
			sourceTree = "<group>";
		};
		FC9AC5A51F3551530001D464 /* Views */ = {
			isa = PBXGroup;
			children = (
				FC7A55671F2F5A4E0039355B /* HomeCollectionViewCell.xib */,
				FC12C4871F48EB9C007958BE /* FinalOrderCollectionViewCell.xib */,
				FC7B4F071F2E504700970CFE /* Main.storyboard */,
			);
			name = Views;
			sourceTree = "<group>";
		};
		FCEEB8481F4A441100686C8B /* Map VC */ = {
			isa = PBXGroup;
			children = (
				FC73F6DD1F33464900008767 /* MapVC.swift */,
				FC99DC0F1F3B78E80013A4B7 /* PickedPlacesVC.swift */,
			);
			name = "Map VC";
			sourceTree = "<group>";
		};
/* End PBXGroup section */

/* Begin PBXNativeTarget section */
		FC7B4EFF1F2E504700970CFE /* Thba7 */ = {
			isa = PBXNativeTarget;
			buildConfigurationList = FC7B4F121F2E504700970CFE /* Build configuration list for PBXNativeTarget "Thba7" */;
			buildPhases = (
				CF139C07C15DC129E651F35C /* [CP] Check Pods Manifest.lock */,
				FC7B4EFC1F2E504700970CFE /* Sources */,
				FC7B4EFD1F2E504700970CFE /* Frameworks */,
				FC7B4EFE1F2E504700970CFE /* Resources */,
				841BBE640D22559D92F33769 /* [CP] Embed Pods Frameworks */,
				94577B4E51053CE1F963E045 /* [CP] Copy Pods Resources */,
			);
			buildRules = (
			);
			dependencies = (
			);
			name = Thba7;
			productName = Thba7;
			productReference = FC7B4F001F2E504700970CFE /* Thba7.app */;
			productType = "com.apple.product-type.application";
		};
/* End PBXNativeTarget section */

/* Begin PBXProject section */
		FC7B4EF81F2E504700970CFE /* Project object */ = {
			isa = PBXProject;
			attributes = {
				LastSwiftUpdateCheck = 0830;
				LastUpgradeCheck = 0830;
				ORGANIZATIONNAME = "Mohsen Qaysi";
				TargetAttributes = {
					FC7B4EFF1F2E504700970CFE = {
						CreatedOnToolsVersion = 8.3.3;
						DevelopmentTeam = K6Q9LJED8Q;
						ProvisioningStyle = Automatic;
					};
				};
			};
			buildConfigurationList = FC7B4EFB1F2E504700970CFE /* Build configuration list for PBXProject "Thba7" */;
			compatibilityVersion = "Xcode 3.2";
			developmentRegion = English;
			hasScannedForEncodings = 0;
			knownRegions = (
				en,
				Base,
			);
			mainGroup = FC7B4EF71F2E504700970CFE;
			productRefGroup = FC7B4F011F2E504700970CFE /* Products */;
			projectDirPath = "";
			projectRoot = "";
			targets = (
				FC7B4EFF1F2E504700970CFE /* Thba7 */,
			);
		};
/* End PBXProject section */

/* Begin PBXResourcesBuildPhase section */
		FC7B4EFE1F2E504700970CFE /* Resources */ = {
			isa = PBXResourcesBuildPhase;
			buildActionMask = 2147483647;
			files = (
				FC7A55691F2F5A4E0039355B /* HomeCollectionViewCell.xib in Resources */,
				FC7B4F0E1F2E504700970CFE /* LaunchScreen.storyboard in Resources */,
				FC7B4F0B1F2E504700970CFE /* Assets.xcassets in Resources */,
				FC12C4891F48EB9C007958BE /* FinalOrderCollectionViewCell.xib in Resources */,
				FC7B4F091F2E504700970CFE /* Main.storyboard in Resources */,
				FC470F151F4F7E9900A33FFF /* GoogleService-Info.plist in Resources */,
			);
			runOnlyForDeploymentPostprocessing = 0;
		};
/* End PBXResourcesBuildPhase section */

/* Begin PBXShellScriptBuildPhase section */
		841BBE640D22559D92F33769 /* [CP] Embed Pods Frameworks */ = {
			isa = PBXShellScriptBuildPhase;
			buildActionMask = 2147483647;
			files = (
			);
			inputPaths = (
				"${SRCROOT}/Pods/Target Support Files/Pods-Thba7/Pods-Thba7-frameworks.sh",
				"${BUILT_PRODUCTS_DIR}/Alamofire/Alamofire.framework",
				"${BUILT_PRODUCTS_DIR}/GoogleToolboxForMac/GoogleToolboxForMac.framework",
				"${BUILT_PRODUCTS_DIR}/Kingfisher/Kingfisher.framework",
				"${BUILT_PRODUCTS_DIR}/Spring/Spring.framework",
				"${BUILT_PRODUCTS_DIR}/SwiftyJSON/SwiftyJSON.framework",
				"${BUILT_PRODUCTS_DIR}/SwiftyPickerPopover/SwiftyPickerPopover.framework",
				"${BUILT_PRODUCTS_DIR}/nanopb/nanopb.framework",
			);
			name = "[CP] Embed Pods Frameworks";
			outputPaths = (
				"${TARGET_BUILD_DIR}/${FRAMEWORKS_FOLDER_PATH}/Alamofire.framework",
				"${TARGET_BUILD_DIR}/${FRAMEWORKS_FOLDER_PATH}/GoogleToolboxForMac.framework",
				"${TARGET_BUILD_DIR}/${FRAMEWORKS_FOLDER_PATH}/Kingfisher.framework",
				"${TARGET_BUILD_DIR}/${FRAMEWORKS_FOLDER_PATH}/Spring.framework",
				"${TARGET_BUILD_DIR}/${FRAMEWORKS_FOLDER_PATH}/SwiftyJSON.framework",
				"${TARGET_BUILD_DIR}/${FRAMEWORKS_FOLDER_PATH}/SwiftyPickerPopover.framework",
				"${TARGET_BUILD_DIR}/${FRAMEWORKS_FOLDER_PATH}/nanopb.framework",
			);
			runOnlyForDeploymentPostprocessing = 0;
			shellPath = /bin/sh;
			shellScript = "\"${SRCROOT}/Pods/Target Support Files/Pods-Thba7/Pods-Thba7-frameworks.sh\"\n";
			showEnvVarsInLog = 0;
		};
		94577B4E51053CE1F963E045 /* [CP] Copy Pods Resources */ = {
			isa = PBXShellScriptBuildPhase;
			buildActionMask = 2147483647;
			files = (
			);
			inputPaths = (
				"${SRCROOT}/Pods/Target Support Files/Pods-Thba7/Pods-Thba7-resources.sh",
				"${PODS_ROOT}/GoogleMaps/Maps/Frameworks/GoogleMaps.framework/Resources/GoogleMaps.bundle",
				"${PODS_ROOT}/GooglePlacePicker/Frameworks/GooglePlacePicker.framework/Resources/GooglePlacePicker.bundle",
				"${PODS_ROOT}/GooglePlaces/Frameworks/GooglePlaces.framework/Resources/GooglePlaces.bundle",
			);
			name = "[CP] Copy Pods Resources";
			outputPaths = (
				"${TARGET_BUILD_DIR}/${UNLOCALIZED_RESOURCES_FOLDER_PATH}",
			);
			runOnlyForDeploymentPostprocessing = 0;
			shellPath = /bin/sh;
			shellScript = "\"${SRCROOT}/Pods/Target Support Files/Pods-Thba7/Pods-Thba7-resources.sh\"\n";
			showEnvVarsInLog = 0;
		};
		CF139C07C15DC129E651F35C /* [CP] Check Pods Manifest.lock */ = {
			isa = PBXShellScriptBuildPhase;
			buildActionMask = 2147483647;
			files = (
			);
			inputPaths = (
				"${PODS_PODFILE_DIR_PATH}/Podfile.lock",
				"${PODS_ROOT}/Manifest.lock",
			);
			name = "[CP] Check Pods Manifest.lock";
			outputPaths = (
				"$(DERIVED_FILE_DIR)/Pods-Thba7-checkManifestLockResult.txt",
			);
			runOnlyForDeploymentPostprocessing = 0;
			shellPath = /bin/sh;
			shellScript = "diff \"${PODS_PODFILE_DIR_PATH}/Podfile.lock\" \"${PODS_ROOT}/Manifest.lock\" > /dev/null\nif [ $? != 0 ] ; then\n    # print error to STDERR\n    echo \"error: The sandbox is not in sync with the Podfile.lock. Run 'pod install' or update your CocoaPods installation.\" >&2\n    exit 1\nfi\n# This output is used by Xcode 'outputs' to avoid re-running this script phase.\necho \"SUCCESS\" > \"${SCRIPT_OUTPUT_FILE_0}\"\n";
			showEnvVarsInLog = 0;
		};
/* End PBXShellScriptBuildPhase section */

/* Begin PBXSourcesBuildPhase section */
		FC7B4EFC1F2E504700970CFE /* Sources */ = {
			isa = PBXSourcesBuildPhase;
			buildActionMask = 2147483647;
			files = (
				FC3C3CAA1F422E52002D542C /* VerifySMSCodeViewController.swift in Sources */,
				FC3EE1931F55ADE3006651A4 /* CartOrdersItemsTableViewController.swift in Sources */,
				FC3EE1911F55AD04006651A4 /* NoOrderItemsOnTheCart.swift in Sources */,
				FC99DC101F3B78E80013A4B7 /* PickedPlacesVC.swift in Sources */,
				FC12C4881F48EB9C007958BE /* FinalOrderCollectionViewCell.swift in Sources */,
				FC7B4F041F2E504700970CFE /* AppDelegate.swift in Sources */,
				FC7A55651F2F59140039355B /* HomeViewContoller.swift in Sources */,
				FC5E9EEC1F38DEFA0049F810 /* Order.swift in Sources */,
				FC169A1A1F3764E900756314 /* OrderPageVCCell.swift in Sources */,
				FC5CA1CA1F535337003C42DC /* DataStore.swift in Sources */,
				FC5CA1C81F534EBC003C42DC /* OrderItems.swift in Sources */,
				FC3EE1951F55BC94006651A4 /* HandelBadgeIndecatorTabBar.swift in Sources */,
				FCA7C5C01F39179E00B75915 /* CustomMarker.swift in Sources */,
				FC3EE1981F55C59F006651A4 /* CartOrdersItemsCell.swift in Sources */,
				FC7A55681F2F5A4E0039355B /* HomeCollectionViewCell.swift in Sources */,
				FC73F6DE1F33464900008767 /* MapVC.swift in Sources */,
				FC3C3CA91F422E52002D542C /* SnedVerifyingRequestViewController.swift in Sources */,
				FC9A5BC11F478A6C00D03BA2 /* UserInfoTableViewController.swift in Sources */,
				FCEDDC0A1F38A17F00571E82 /* UserInfoPageVC.swift in Sources */,
				FC9AC5A31F354C470001D464 /* NoInternetConnectVC.swift in Sources */,
				FC682F4E1F2F9E0F007D5955 /* Extensions.swift in Sources */,
				FCC456741F3232C200C24D79 /* OrderPageViewController.swift in Sources */,
			);
			runOnlyForDeploymentPostprocessing = 0;
		};
/* End PBXSourcesBuildPhase section */

/* Begin PBXVariantGroup section */
		FC7B4F071F2E504700970CFE /* Main.storyboard */ = {
			isa = PBXVariantGroup;
			children = (
				FC7B4F081F2E504700970CFE /* Base */,
			);
			name = Main.storyboard;
			sourceTree = "<group>";
		};
		FC7B4F0C1F2E504700970CFE /* LaunchScreen.storyboard */ = {
			isa = PBXVariantGroup;
			children = (
				FC7B4F0D1F2E504700970CFE /* Base */,
			);
			name = LaunchScreen.storyboard;
			sourceTree = "<group>";
		};
/* End PBXVariantGroup section */

/* Begin XCBuildConfiguration section */
		FC7B4F101F2E504700970CFE /* Debug */ = {
			isa = XCBuildConfiguration;
			buildSettings = {
				ALWAYS_SEARCH_USER_PATHS = NO;
				CLANG_ANALYZER_NONNULL = YES;
				CLANG_ANALYZER_NUMBER_OBJECT_CONVERSION = YES_AGGRESSIVE;
				CLANG_CXX_LANGUAGE_STANDARD = "gnu++0x";
				CLANG_CXX_LIBRARY = "libc++";
				CLANG_ENABLE_MODULES = YES;
				CLANG_ENABLE_OBJC_ARC = YES;
				CLANG_WARN_BOOL_CONVERSION = YES;
				CLANG_WARN_CONSTANT_CONVERSION = YES;
				CLANG_WARN_DIRECT_OBJC_ISA_USAGE = YES_ERROR;
				CLANG_WARN_DOCUMENTATION_COMMENTS = YES;
				CLANG_WARN_EMPTY_BODY = YES;
				CLANG_WARN_ENUM_CONVERSION = YES;
				CLANG_WARN_INFINITE_RECURSION = YES;
				CLANG_WARN_INT_CONVERSION = YES;
				CLANG_WARN_OBJC_ROOT_CLASS = YES_ERROR;
				CLANG_WARN_SUSPICIOUS_MOVE = YES;
				CLANG_WARN_UNREACHABLE_CODE = YES;
				CLANG_WARN__DUPLICATE_METHOD_MATCH = YES;
				"CODE_SIGN_IDENTITY[sdk=iphoneos*]" = "iPhone Developer";
				COPY_PHASE_STRIP = NO;
				DEBUG_INFORMATION_FORMAT = dwarf;
				ENABLE_STRICT_OBJC_MSGSEND = YES;
				ENABLE_TESTABILITY = YES;
				GCC_C_LANGUAGE_STANDARD = gnu99;
				GCC_DYNAMIC_NO_PIC = NO;
				GCC_NO_COMMON_BLOCKS = YES;
				GCC_OPTIMIZATION_LEVEL = 0;
				GCC_PREPROCESSOR_DEFINITIONS = (
					"DEBUG=1",
					"$(inherited)",
				);
				GCC_WARN_64_TO_32_BIT_CONVERSION = YES;
				GCC_WARN_ABOUT_RETURN_TYPE = YES_ERROR;
				GCC_WARN_UNDECLARED_SELECTOR = YES;
				GCC_WARN_UNINITIALIZED_AUTOS = YES_AGGRESSIVE;
				GCC_WARN_UNUSED_FUNCTION = YES;
				GCC_WARN_UNUSED_VARIABLE = YES;
				IPHONEOS_DEPLOYMENT_TARGET = 10.0;
				MTL_ENABLE_DEBUG_INFO = YES;
				ONLY_ACTIVE_ARCH = YES;
				SDKROOT = iphoneos;
				SWIFT_ACTIVE_COMPILATION_CONDITIONS = DEBUG;
				SWIFT_OPTIMIZATION_LEVEL = "-Onone";
			};
			name = Debug;
		};
		FC7B4F111F2E504700970CFE /* Release */ = {
			isa = XCBuildConfiguration;
			buildSettings = {
				ALWAYS_SEARCH_USER_PATHS = NO;
				CLANG_ANALYZER_NONNULL = YES;
				CLANG_ANALYZER_NUMBER_OBJECT_CONVERSION = YES_AGGRESSIVE;
				CLANG_CXX_LANGUAGE_STANDARD = "gnu++0x";
				CLANG_CXX_LIBRARY = "libc++";
				CLANG_ENABLE_MODULES = YES;
				CLANG_ENABLE_OBJC_ARC = YES;
				CLANG_WARN_BOOL_CONVERSION = YES;
				CLANG_WARN_CONSTANT_CONVERSION = YES;
				CLANG_WARN_DIRECT_OBJC_ISA_USAGE = YES_ERROR;
				CLANG_WARN_DOCUMENTATION_COMMENTS = YES;
				CLANG_WARN_EMPTY_BODY = YES;
				CLANG_WARN_ENUM_CONVERSION = YES;
				CLANG_WARN_INFINITE_RECURSION = YES;
				CLANG_WARN_INT_CONVERSION = YES;
				CLANG_WARN_OBJC_ROOT_CLASS = YES_ERROR;
				CLANG_WARN_SUSPICIOUS_MOVE = YES;
				CLANG_WARN_UNREACHABLE_CODE = YES;
				CLANG_WARN__DUPLICATE_METHOD_MATCH = YES;
				"CODE_SIGN_IDENTITY[sdk=iphoneos*]" = "iPhone Developer";
				COPY_PHASE_STRIP = NO;
				DEBUG_INFORMATION_FORMAT = "dwarf-with-dsym";
				ENABLE_NS_ASSERTIONS = NO;
				ENABLE_STRICT_OBJC_MSGSEND = YES;
				GCC_C_LANGUAGE_STANDARD = gnu99;
				GCC_NO_COMMON_BLOCKS = YES;
				GCC_WARN_64_TO_32_BIT_CONVERSION = YES;
				GCC_WARN_ABOUT_RETURN_TYPE = YES_ERROR;
				GCC_WARN_UNDECLARED_SELECTOR = YES;
				GCC_WARN_UNINITIALIZED_AUTOS = YES_AGGRESSIVE;
				GCC_WARN_UNUSED_FUNCTION = YES;
				GCC_WARN_UNUSED_VARIABLE = YES;
				IPHONEOS_DEPLOYMENT_TARGET = 10.0;
				MTL_ENABLE_DEBUG_INFO = NO;
				SDKROOT = iphoneos;
				SWIFT_OPTIMIZATION_LEVEL = "-Owholemodule";
				VALIDATE_PRODUCT = YES;
			};
			name = Release;
		};
		FC7B4F131F2E504700970CFE /* Debug */ = {
			isa = XCBuildConfiguration;
			baseConfigurationReference = 7DCABE7E95F210EDD3450D63 /* Pods-Thba7.debug.xcconfig */;
			buildSettings = {
				ASSETCATALOG_COMPILER_APPICON_NAME = AppIcon;
				DEVELOPMENT_TEAM = K6Q9LJED8Q;
				INFOPLIST_FILE = Thba7/Info.plist;
				IPHONEOS_DEPLOYMENT_TARGET = 10.0;
				LD_RUNPATH_SEARCH_PATHS = "$(inherited) @executable_path/Frameworks";
				PRODUCT_BUNDLE_IDENTIFIER = come.mohsenqaysi.Thba7;
				PRODUCT_NAME = "$(TARGET_NAME)";
				SWIFT_VERSION = 3.0;
			};
			name = Debug;
		};
		FC7B4F141F2E504700970CFE /* Release */ = {
			isa = XCBuildConfiguration;
			baseConfigurationReference = 32119CFA4E74804B71EF7094 /* Pods-Thba7.release.xcconfig */;
			buildSettings = {
				ASSETCATALOG_COMPILER_APPICON_NAME = AppIcon;
				DEVELOPMENT_TEAM = K6Q9LJED8Q;
				INFOPLIST_FILE = Thba7/Info.plist;
				IPHONEOS_DEPLOYMENT_TARGET = 10.0;
				LD_RUNPATH_SEARCH_PATHS = "$(inherited) @executable_path/Frameworks";
				PRODUCT_BUNDLE_IDENTIFIER = come.mohsenqaysi.Thba7;
				PRODUCT_NAME = "$(TARGET_NAME)";
				SWIFT_VERSION = 3.0;
			};
			name = Release;
		};
/* End XCBuildConfiguration section */

/* Begin XCConfigurationList section */
		FC7B4EFB1F2E504700970CFE /* Build configuration list for PBXProject "Thba7" */ = {
			isa = XCConfigurationList;
			buildConfigurations = (
				FC7B4F101F2E504700970CFE /* Debug */,
				FC7B4F111F2E504700970CFE /* Release */,
			);
			defaultConfigurationIsVisible = 0;
			defaultConfigurationName = Release;
		};
		FC7B4F121F2E504700970CFE /* Build configuration list for PBXNativeTarget "Thba7" */ = {
			isa = XCConfigurationList;
			buildConfigurations = (
				FC7B4F131F2E504700970CFE /* Debug */,
				FC7B4F141F2E504700970CFE /* Release */,
			);
			defaultConfigurationIsVisible = 0;
			defaultConfigurationName = Release;
		};
/* End XCConfigurationList section */
	};
	rootObject = FC7B4EF81F2E504700970CFE /* Project object */;
}
